
Microsoft Visual Studio Solution File, Format Version 12.00
# Visual Studio Version 16
VisualStudioVersion = 16.0.31205.134
MinimumVisualStudioVersion = 10.0.40219.1
Project("{FAE04EC0-301F-11D3-BF4B-00C04F79EFBC}") = "MyStack-Donner", "MyStack-Donner.csproj", "{13626819-2DA0-490E-B221-53ED40B84307}"
EndProject
Project("{2150E333-8FDC-42A3-9474-1A3956D46DE8}") = "Solution Items", "Solution Items", "{67F19F0E-14A0-46A1-AE8B-01D230B78CE7}"
	ProjectSection(SolutionItems) = preProject
		ReadMe.txt = ReadMe.txt
	EndProjectSection
EndProject
Global
	GlobalSection(SolutionConfigurationPlatforms) = preSolution
		Debug|Any CPU = Debug|Any CPU
		Release|Any CPU = Release|Any CPU
	EndGlobalSection
	GlobalSection(ProjectConfigurationPlatforms) = postSolution
		{13626819-2DA0-490E-B221-53ED40B84307}.Debug|Any CPU.ActiveCfg = Debug|Any CPU
		{13626819-2DA0-490E-B221-53ED40B84307}.Debug|Any CPU.Build.0 = Debug|Any CPU
		{13626819-2DA0-490E-B221-53ED40B84307}.Release|Any CPU.ActiveCfg = Release|Any CPU
		{13626819-2DA0-490E-B221-53ED40B84307}.Release|Any CPU.Build.0 = Release|Any CPU
	EndGlobalSection
	GlobalSection(SolutionProperties) = preSolution
		HideSolutionNode = FALSE
	EndGlobalSection
	GlobalSection(ExtensibilityGlobals) = postSolution
		SolutionGuid = {8E702CE3-FA61-4E6B-A5B6-B9570B3C8533}
	EndGlobalSection
EndGlobal
